
Microsoft Visual Studio Solution File, Format Version 12.00
# Visual Studio 14
VisualStudioVersion = 14.0.25420.1
MinimumVisualStudioVersion = 10.0.40219.1
Project("{FAE04EC0-301F-11D3-BF4B-00C04F79EFBC}") = "XFInsta", "XFInsta\XFInsta\XFInsta.csproj", "{79384643-2AC1-4E75-BC42-4E0B38A08929}"
EndProject
Project("{FAE04EC0-301F-11D3-BF4B-00C04F79EFBC}") = "XFInsta.Droid", "XFInsta\XFInsta.Droid\XFInsta.Droid.csproj", "{28F39E13-6696-4D47-839C-85114347F733}"
EndProject
Project("{FAE04EC0-301F-11D3-BF4B-00C04F79EFBC}") = "XFInsta.iOS", "XFInsta\XFInsta.iOS\XFInsta.iOS.csproj", "{714C309A-FC17-4708-B925-C68FF58DE5B1}"
EndProject
Global
	GlobalSection(SolutionConfigurationPlatforms) = preSolution
		Ad-Hoc|Any CPU = Ad-Hoc|Any CPU
		Ad-Hoc|ARM = Ad-Hoc|ARM
		Ad-Hoc|iPhone = Ad-Hoc|iPhone
		Ad-Hoc|iPhoneSimulator = Ad-Hoc|iPhoneSimulator
		Ad-Hoc|x64 = Ad-Hoc|x64
		Ad-Hoc|x86 = Ad-Hoc|x86
		AppStore|Any CPU = AppStore|Any CPU
		AppStore|ARM = AppStore|ARM
		AppStore|iPhone = AppStore|iPhone
		AppStore|iPhoneSimulator = AppStore|iPhoneSimulator
		AppStore|x64 = AppStore|x64
		AppStore|x86 = AppStore|x86
		Debug|Any CPU = Debug|Any CPU
		Debug|ARM = Debug|ARM
		Debug|iPhone = Debug|iPhone
		Debug|iPhoneSimulator = Debug|iPhoneSimulator
		Debug|x64 = Debug|x64
		Debug|x86 = Debug|x86
		Release|Any CPU = Release|Any CPU
		Release|ARM = Release|ARM
		Release|iPhone = Release|iPhone
		Release|iPhoneSimulator = Release|iPhoneSimulator
		Release|x64 = Release|x64
		Release|x86 = Release|x86
	EndGlobalSection
	GlobalSection(ProjectConfigurationPlatforms) = postSolution
		{79384643-2AC1-4E75-BC42-4E0B38A08929}.Ad-Hoc|Any CPU.ActiveCfg = Release|Any CPU
		{79384643-2AC1-4E75-BC42-4E0B38A08929}.Ad-Hoc|Any CPU.Build.0 = Release|Any CPU
		{79384643-2AC1-4E75-BC42-4E0B38A08929}.Ad-Hoc|ARM.ActiveCfg = Release|Any CPU
		{79384643-2AC1-4E75-BC42-4E0B38A08929}.Ad-Hoc|ARM.Build.0 = Release|Any CPU
		{79384643-2AC1-4E75-BC42-4E0B38A08929}.Ad-Hoc|iPhone.ActiveCfg = Release|Any CPU
		{79384643-2AC1-4E75-BC42-4E0B38A08929}.Ad-Hoc|iPhone.Build.0 = Release|Any CPU
		{79384643-2AC1-4E75-BC42-4E0B38A08929}.Ad-Hoc|iPhoneSimulator.ActiveCfg = Release|Any CPU
		{79384643-2AC1-4E75-BC42-4E0B38A08929}.Ad-Hoc|iPhoneSimulator.Build.0 = Release|Any CPU
		{79384643-2AC1-4E75-BC42-4E0B38A08929}.Ad-Hoc|x64.ActiveCfg = Release|Any CPU
		{79384643-2AC1-4E75-BC42-4E0B38A08929}.Ad-Hoc|x64.Build.0 = Release|Any CPU
		{79384643-2AC1-4E75-BC42-4E0B38A08929}.Ad-Hoc|x86.ActiveCfg = Release|Any CPU
		{79384643-2AC1-4E75-BC42-4E0B38A08929}.Ad-Hoc|x86.Build.0 = Release|Any CPU
		{79384643-2AC1-4E75-BC42-4E0B38A08929}.AppStore|Any CPU.ActiveCfg = Release|Any CPU
		{79384643-2AC1-4E75-BC42-4E0B38A08929}.AppStore|Any CPU.Build.0 = Release|Any CPU
		{79384643-2AC1-4E75-BC42-4E0B38A08929}.AppStore|ARM.ActiveCfg = Release|Any CPU
		{79384643-2AC1-4E75-BC42-4E0B38A08929}.AppStore|ARM.Build.0 = Release|Any CPU
		{79384643-2AC1-4E75-BC42-4E0B38A08929}.AppStore|iPhone.ActiveCfg = Release|Any CPU
		{79384643-2AC1-4E75-BC42-4E0B38A08929}.AppStore|iPhone.Build.0 = Release|Any CPU
		{79384643-2AC1-4E75-BC42-4E0B38A08929}.AppStore|iPhoneSimulator.ActiveCfg = Release|Any CPU
		{79384643-2AC1-4E75-BC42-4E0B38A08929}.AppStore|iPhoneSimulator.Build.0 = Release|Any CPU
		{79384643-2AC1-4E75-BC42-4E0B38A08929}.AppStore|x64.ActiveCfg = Release|Any CPU
		{79384643-2AC1-4E75-BC42-4E0B38A08929}.AppStore|x64.Build.0 = Release|Any CPU
		{79384643-2AC1-4E75-BC42-4E0B38A08929}.AppStore|x86.ActiveCfg = Release|Any CPU
		{79384643-2AC1-4E75-BC42-4E0B38A08929}.AppStore|x86.Build.0 = Release|Any CPU
		{79384643-2AC1-4E75-BC42-4E0B38A08929}.Debug|Any CPU.ActiveCfg = Debug|Any CPU
		{79384643-2AC1-4E75-BC42-4E0B38A08929}.Debug|Any CPU.Build.0 = Debug|Any CPU
		{79384643-2AC1-4E75-BC42-4E0B38A08929}.Debug|ARM.ActiveCfg = Debug|Any CPU
		{79384643-2AC1-4E75-BC42-4E0B38A08929}.Debug|ARM.Build.0 = Debug|Any CPU
		{79384643-2AC1-4E75-BC42-4E0B38A08929}.Debug|iPhone.ActiveCfg = Debug|Any CPU
		{79384643-2AC1-4E75-BC42-4E0B38A08929}.Debug|iPhone.Build.0 = Debug|Any CPU
		{79384643-2AC1-4E75-BC42-4E0B38A08929}.Debug|iPhoneSimulator.ActiveCfg = Debug|Any CPU
		{79384643-2AC1-4E75-BC42-4E0B38A08929}.Debug|iPhoneSimulator.Build.0 = Debug|Any CPU
		{79384643-2AC1-4E75-BC42-4E0B38A08929}.Debug|x64.ActiveCfg = Debug|Any CPU
		{79384643-2AC1-4E75-BC42-4E0B38A08929}.Debug|x64.Build.0 = Debug|Any CPU
		{79384643-2AC1-4E75-BC42-4E0B38A08929}.Debug|x86.ActiveCfg = Debug|Any CPU
		{79384643-2AC1-4E75-BC42-4E0B38A08929}.Debug|x86.Build.0 = Debug|Any CPU
		{79384643-2AC1-4E75-BC42-4E0B38A08929}.Release|Any CPU.ActiveCfg = Release|Any CPU
		{79384643-2AC1-4E75-BC42-4E0B38A08929}.Release|Any CPU.Build.0 = Release|Any CPU
		{79384643-2AC1-4E75-BC42-4E0B38A08929}.Release|ARM.ActiveCfg = Release|Any CPU
		{79384643-2AC1-4E75-BC42-4E0B38A08929}.Release|ARM.Build.0 = Release|Any CPU
		{79384643-2AC1-4E75-BC42-4E0B38A08929}.Release|iPhone.ActiveCfg = Release|Any CPU
		{79384643-2AC1-4E75-BC42-4E0B38A08929}.Release|iPhone.Build.0 = Release|Any CPU
		{79384643-2AC1-4E75-BC42-4E0B38A08929}.Release|iPhoneSimulator.ActiveCfg = Release|Any CPU
		{79384643-2AC1-4E75-BC42-4E0B38A08929}.Release|iPhoneSimulator.Build.0 = Release|Any CPU
		{79384643-2AC1-4E75-BC42-4E0B38A08929}.Release|x64.ActiveCfg = Release|Any CPU
		{79384643-2AC1-4E75-BC42-4E0B38A08929}.Release|x64.Build.0 = Release|Any CPU
		{79384643-2AC1-4E75-BC42-4E0B38A08929}.Release|x86.ActiveCfg = Release|Any CPU
		{79384643-2AC1-4E75-BC42-4E0B38A08929}.Release|x86.Build.0 = Release|Any CPU
		{28F39E13-6696-4D47-839C-85114347F733}.Ad-Hoc|Any CPU.ActiveCfg = Release|Any CPU
		{28F39E13-6696-4D47-839C-85114347F733}.Ad-Hoc|Any CPU.Build.0 = Release|Any CPU
		{28F39E13-6696-4D47-839C-85114347F733}.Ad-Hoc|Any CPU.Deploy.0 = Release|Any CPU
		{28F39E13-6696-4D47-839C-85114347F733}.Ad-Hoc|ARM.ActiveCfg = Release|Any CPU
		{28F39E13-6696-4D47-839C-85114347F733}.Ad-Hoc|ARM.Build.0 = Release|Any CPU
		{28F39E13-6696-4D47-839C-85114347F733}.Ad-Hoc|ARM.Deploy.0 = Release|Any CPU
		{28F39E13-6696-4D47-839C-85114347F733}.Ad-Hoc|iPhone.ActiveCfg = Release|Any CPU
		{28F39E13-6696-4D47-839C-85114347F733}.Ad-Hoc|iPhone.Build.0 = Release|Any CPU
		{28F39E13-6696-4D47-839C-85114347F733}.Ad-Hoc|iPhone.Deploy.0 = Release|Any CPU
		{28F39E13-6696-4D47-839C-85114347F733}.Ad-Hoc|iPhoneSimulator.ActiveCfg = Release|Any CPU
		{28F39E13-6696-4D47-839C-85114347F733}.Ad-Hoc|iPhoneSimulator.Build.0 = Release|Any CPU
		{28F39E13-6696-4D47-839C-85114347F733}.Ad-Hoc|iPhoneSimulator.Deploy.0 = Release|Any CPU
		{28F39E13-6696-4D47-839C-85114347F733}.Ad-Hoc|x64.ActiveCfg = Release|Any CPU
		{28F39E13-6696-4D47-839C-85114347F733}.Ad-Hoc|x64.Build.0 = Release|Any CPU
		{28F39E13-6696-4D47-839C-85114347F733}.Ad-Hoc|x64.Deploy.0 = Release|Any CPU
		{28F39E13-6696-4D47-839C-85114347F733}.Ad-Hoc|x86.ActiveCfg = Release|Any CPU
		{28F39E13-6696-4D47-839C-85114347F733}.Ad-Hoc|x86.Build.0 = Release|Any CPU
		{28F39E13-6696-4D47-839C-85114347F733}.Ad-Hoc|x86.Deploy.0 = Release|Any CPU
		{28F39E13-6696-4D47-839C-85114347F733}.AppStore|Any CPU.ActiveCfg = Release|Any CPU
		{28F39E13-6696-4D47-839C-85114347F733}.AppStore|Any CPU.Build.0 = Release|Any CPU
		{28F39E13-6696-4D47-839C-85114347F733}.AppStore|Any CPU.Deploy.0 = Release|Any CPU
		{28F39E13-6696-4D47-839C-85114347F733}.AppStore|ARM.ActiveCfg = Release|Any CPU
		{28F39E13-6696-4D47-839C-85114347F733}.AppStore|ARM.Build.0 = Release|Any CPU
		{28F39E13-6696-4D47-839C-85114347F733}.AppStore|ARM.Deploy.0 = Release|Any CPU
		{28F39E13-6696-4D47-839C-85114347F733}.AppStore|iPhone.ActiveCfg = Release|Any CPU
		{28F39E13-6696-4D47-839C-85114347F733}.AppStore|iPhone.Build.0 = Release|Any CPU
		{28F39E13-6696-4D47-839C-85114347F733}.AppStore|iPhone.Deploy.0 = Release|Any CPU
		{28F39E13-6696-4D47-839C-85114347F733}.AppStore|iPhoneSimulator.ActiveCfg = Release|Any CPU
		{28F39E13-6696-4D47-839C-85114347F733}.AppStore|iPhoneSimulator.Build.0 = Release|Any CPU
		{28F39E13-6696-4D47-839C-85114347F733}.AppStore|iPhoneSimulator.Deploy.0 = Release|Any CPU
		{28F39E13-6696-4D47-839C-85114347F733}.AppStore|x64.ActiveCfg = Release|Any CPU
		{28F39E13-6696-4D47-839C-85114347F733}.AppStore|x64.Build.0 = Release|Any CPU
		{28F39E13-6696-4D47-839C-85114347F733}.AppStore|x64.Deploy.0 = Release|Any CPU
		{28F39E13-6696-4D47-839C-85114347F733}.AppStore|x86.ActiveCfg = Release|Any CPU
		{28F39E13-6696-4D47-839C-85114347F733}.AppStore|x86.Build.0 = Release|Any CPU
		{28F39E13-6696-4D47-839C-85114347F733}.AppStore|x86.Deploy.0 = Release|Any CPU
		{28F39E13-6696-4D47-839C-85114347F733}.Debug|Any CPU.ActiveCfg = Debug|Any CPU
		{28F39E13-6696-4D47-839C-85114347F733}.Debug|Any CPU.Build.0 = Debug|Any CPU
		{28F39E13-6696-4D47-839C-85114347F733}.Debug|Any CPU.Deploy.0 = Debug|Any CPU
		{28F39E13-6696-4D47-839C-85114347F733}.Debug|ARM.ActiveCfg = Debug|Any CPU
		{28F39E13-6696-4D47-839C-85114347F733}.Debug|ARM.Build.0 = Debug|Any CPU
		{28F39E13-6696-4D47-839C-85114347F733}.Debug|ARM.Deploy.0 = Debug|Any CPU
		{28F39E13-6696-4D47-839C-85114347F733}.Debug|iPhone.ActiveCfg = Debug|Any CPU
		{28F39E13-6696-4D47-839C-85114347F733}.Debug|iPhone.Build.0 = Debug|Any CPU
		{28F39E13-6696-4D47-839C-85114347F733}.Debug|iPhone.Deploy.0 = Debug|Any CPU
		{28F39E13-6696-4D47-839C-85114347F733}.Debug|iPhoneSimulator.ActiveCfg = Debug|Any CPU
		{28F39E13-6696-4D47-839C-85114347F733}.Debug|iPhoneSimulator.Build.0 = Debug|Any CPU
		{28F39E13-6696-4D47-839C-85114347F733}.Debug|iPhoneSimulator.Deploy.0 = Debug|Any CPU
		{28F39E13-6696-4D47-839C-85114347F733}.Debug|x64.ActiveCfg = Debug|Any CPU
		{28F39E13-6696-4D47-839C-85114347F733}.Debug|x64.Build.0 = Debug|Any CPU
		{28F39E13-6696-4D47-839C-85114347F733}.Debug|x64.Deploy.0 = Debug|Any CPU
		{28F39E13-6696-4D47-839C-85114347F733}.Debug|x86.ActiveCfg = Debug|Any CPU
		{28F39E13-6696-4D47-839C-85114347F733}.Debug|x86.Build.0 = Debug|Any CPU
		{28F39E13-6696-4D47-839C-85114347F733}.Debug|x86.Deploy.0 = Debug|Any CPU
		{28F39E13-6696-4D47-839C-85114347F733}.Release|Any CPU.ActiveCfg = Release|Any CPU
		{28F39E13-6696-4D47-839C-85114347F733}.Release|Any CPU.Build.0 = Release|Any CPU
		{28F39E13-6696-4D47-839C-85114347F733}.Release|Any CPU.Deploy.0 = Release|Any CPU
		{28F39E13-6696-4D47-839C-85114347F733}.Release|ARM.ActiveCfg = Release|Any CPU
		{28F39E13-6696-4D47-839C-85114347F733}.Release|ARM.Build.0 = Release|Any CPU
		{28F39E13-6696-4D47-839C-85114347F733}.Release|ARM.Deploy.0 = Release|Any CPU
		{28F39E13-6696-4D47-839C-85114347F733}.Release|iPhone.ActiveCfg = Release|Any CPU
		{28F39E13-6696-4D47-839C-85114347F733}.Release|iPhone.Build.0 = Release|Any CPU
		{28F39E13-6696-4D47-839C-85114347F733}.Release|iPhone.Deploy.0 = Release|Any CPU
		{28F39E13-6696-4D47-839C-85114347F733}.Release|iPhoneSimulator.ActiveCfg = Release|Any CPU
		{28F39E13-6696-4D47-839C-85114347F733}.Release|iPhoneSimulator.Build.0 = Release|Any CPU
		{28F39E13-6696-4D47-839C-85114347F733}.Release|iPhoneSimulator.Deploy.0 = Release|Any CPU
		{28F39E13-6696-4D47-839C-85114347F733}.Release|x64.ActiveCfg = Release|Any CPU
		{28F39E13-6696-4D47-839C-85114347F733}.Release|x64.Build.0 = Release|Any CPU
		{28F39E13-6696-4D47-839C-85114347F733}.Release|x64.Deploy.0 = Release|Any CPU
		{28F39E13-6696-4D47-839C-85114347F733}.Release|x86.ActiveCfg = Release|Any CPU
		{28F39E13-6696-4D47-839C-85114347F733}.Release|x86.Build.0 = Release|Any CPU
		{28F39E13-6696-4D47-839C-85114347F733}.Release|x86.Deploy.0 = Release|Any CPU
		{714C309A-FC17-4708-B925-C68FF58DE5B1}.Ad-Hoc|Any CPU.ActiveCfg = Ad-Hoc|iPhone
		{714C309A-FC17-4708-B925-C68FF58DE5B1}.Ad-Hoc|ARM.ActiveCfg = Ad-Hoc|iPhone
		{714C309A-FC17-4708-B925-C68FF58DE5B1}.Ad-Hoc|iPhone.ActiveCfg = Ad-Hoc|iPhone
		{714C309A-FC17-4708-B925-C68FF58DE5B1}.Ad-Hoc|iPhone.Build.0 = Ad-Hoc|iPhone
		{714C309A-FC17-4708-B925-C68FF58DE5B1}.Ad-Hoc|iPhoneSimulator.ActiveCfg = Ad-Hoc|iPhoneSimulator
		{714C309A-FC17-4708-B925-C68FF58DE5B1}.Ad-Hoc|iPhoneSimulator.Build.0 = Ad-Hoc|iPhoneSimulator
		{714C309A-FC17-4708-B925-C68FF58DE5B1}.Ad-Hoc|x64.ActiveCfg = Ad-Hoc|iPhone
		{714C309A-FC17-4708-B925-C68FF58DE5B1}.Ad-Hoc|x86.ActiveCfg = Ad-Hoc|iPhone
		{714C309A-FC17-4708-B925-C68FF58DE5B1}.AppStore|Any CPU.ActiveCfg = AppStore|iPhone
		{714C309A-FC17-4708-B925-C68FF58DE5B1}.AppStore|ARM.ActiveCfg = AppStore|iPhone
		{714C309A-FC17-4708-B925-C68FF58DE5B1}.AppStore|iPhone.ActiveCfg = AppStore|iPhone
		{714C309A-FC17-4708-B925-C68FF58DE5B1}.AppStore|iPhone.Build.0 = AppStore|iPhone
		{714C309A-FC17-4708-B925-C68FF58DE5B1}.AppStore|iPhoneSimulator.ActiveCfg = AppStore|iPhoneSimulator
		{714C309A-FC17-4708-B925-C68FF58DE5B1}.AppStore|iPhoneSimulator.Build.0 = AppStore|iPhoneSimulator
		{714C309A-FC17-4708-B925-C68FF58DE5B1}.AppStore|x64.ActiveCfg = AppStore|iPhone
		{714C309A-FC17-4708-B925-C68FF58DE5B1}.AppStore|x86.ActiveCfg = AppStore|iPhone
		{714C309A-FC17-4708-B925-C68FF58DE5B1}.Debug|Any CPU.ActiveCfg = Debug|iPhone
		{714C309A-FC17-4708-B925-C68FF58DE5B1}.Debug|ARM.ActiveCfg = Debug|iPhone
		{714C309A-FC17-4708-B925-C68FF58DE5B1}.Debug|iPhone.ActiveCfg = Debug|iPhone
		{714C309A-FC17-4708-B925-C68FF58DE5B1}.Debug|iPhone.Build.0 = Debug|iPhone
		{714C309A-FC17-4708-B925-C68FF58DE5B1}.Debug|iPhoneSimulator.ActiveCfg = Debug|iPhoneSimulator
		{714C309A-FC17-4708-B925-C68FF58DE5B1}.Debug|iPhoneSimulator.Build.0 = Debug|iPhoneSimulator
		{714C309A-FC17-4708-B925-C68FF58DE5B1}.Debug|x64.ActiveCfg = Debug|iPhone
		{714C309A-FC17-4708-B925-C68FF58DE5B1}.Debug|x86.ActiveCfg = Debug|iPhone
		{714C309A-FC17-4708-B925-C68FF58DE5B1}.Release|Any CPU.ActiveCfg = Release|iPhone
		{714C309A-FC17-4708-B925-C68FF58DE5B1}.Release|ARM.ActiveCfg = Release|iPhone
		{714C309A-FC17-4708-B925-C68FF58DE5B1}.Release|iPhone.ActiveCfg = Release|iPhone
		{714C309A-FC17-4708-B925-C68FF58DE5B1}.Release|iPhone.Build.0 = Release|iPhone
		{714C309A-FC17-4708-B925-C68FF58DE5B1}.Release|iPhoneSimulator.ActiveCfg = Release|iPhoneSimulator
		{714C309A-FC17-4708-B925-C68FF58DE5B1}.Release|iPhoneSimulator.Build.0 = Release|iPhoneSimulator
		{714C309A-FC17-4708-B925-C68FF58DE5B1}.Release|x64.ActiveCfg = Release|iPhone
		{714C309A-FC17-4708-B925-C68FF58DE5B1}.Release|x86.ActiveCfg = Release|iPhone
	EndGlobalSection
	GlobalSection(SolutionProperties) = preSolution
		HideSolutionNode = FALSE
	EndGlobalSection
EndGlobal
